
Microsoft Visual Studio Solution File, Format Version 12.00
# Visual Studio Version 17
VisualStudioVersion = 17.9.34616.47
MinimumVisualStudioVersion = 10.0.40219.1
Project("{FAE04EC0-301F-11D3-BF4B-00C04F79EFBC}") = "floppic displayer", "floppic displayer\floppic displayer.csproj", "{317C9909-6C6D-4708-97E4-AE1E1A31E9B3}"
EndProject
Global
	GlobalSection(SolutionConfigurationPlatforms) = preSolution
		Debug|Any CPU = Debug|Any CPU
		Release|Any CPU = Release|Any CPU
	EndGlobalSection
	GlobalSection(ProjectConfigurationPlatforms) = postSolution
		{317C9909-6C6D-4708-97E4-AE1E1A31E9B3}.Debug|Any CPU.ActiveCfg = Debug|Any CPU
		{317C9909-6C6D-4708-97E4-AE1E1A31E9B3}.Debug|Any CPU.Build.0 = Debug|Any CPU
		{317C9909-6C6D-4708-97E4-AE1E1A31E9B3}.Release|Any CPU.ActiveCfg = Release|Any CPU
		{317C9909-6C6D-4708-97E4-AE1E1A31E9B3}.Release|Any CPU.Build.0 = Release|Any CPU
	EndGlobalSection
	GlobalSection(SolutionProperties) = preSolution
		HideSolutionNode = FALSE
	EndGlobalSection
	GlobalSection(ExtensibilityGlobals) = postSolution
		SolutionGuid = {7EB34384-5FCC-42C5-857E-96CB308FD570}
	EndGlobalSection
EndGlobal
